
Microsoft Visual Studio Solution File, Format Version 12.00
# Visual Studio 2013
VisualStudioVersion = 12.0.40629.0
MinimumVisualStudioVersion = 10.0.40219.1
Project("{FAE04EC0-301F-11D3-BF4B-00C04F79EFBC}") = "bootstrap-datetimepicker", "bootstrap-datetimepicker\bootstrap-datetimepicker.csproj", "{41C4DA2E-3C33-46A3-A4C6-B3D1A7D100F7}"
EndProject
Global
	GlobalSection(SolutionConfigurationPlatforms) = preSolution
		Debug|Any CPU = Debug|Any CPU
		Release|Any CPU = Release|Any CPU
	EndGlobalSection
	GlobalSection(ProjectConfigurationPlatforms) = postSolution
		{41C4DA2E-3C33-46A3-A4C6-B3D1A7D100F7}.Debug|Any CPU.ActiveCfg = Debug|x86
		{41C4DA2E-3C33-46A3-A4C6-B3D1A7D100F7}.Release|Any CPU.ActiveCfg = Debug|x86
	EndGlobalSection
	GlobalSection(SolutionProperties) = preSolution
		HideSolutionNode = FALSE
	EndGlobalSection
EndGlobal
